{
  "name": "GoJS",
  "lockfileVersion": 2,
  "requires": true,
  "packages": {
    "": {
      "dependencies": {
        "gojs": "^2.2.0"
      }
    },
    "node_modules/gojs": {
      "version": "2.2.0",
      "resolved": "https://registry.npmjs.org/gojs/-/gojs-2.2.0.tgz",
      "integrity": "sha512-PRaAztcoTO9mKhNSpWQ7TxDHfEcmI/YHmwvWsBMOPdfYfCSV//kX9ibhb76Gdamh3E1WWO4KbU9SeuYospIG8g=="
    }
  },
  "dependencies": {
    "gojs": {
      "version": "2.2.0",
      "resolved": "https://registry.npmjs.org/gojs/-/gojs-2.2.0.tgz",
      "integrity": "sha512-PRaAztcoTO9mKhNSpWQ7TxDHfEcmI/YHmwvWsBMOPdfYfCSV//kX9ibhb76Gdamh3E1WWO4KbU9SeuYospIG8g=="
    }
  }
}
